{
  "name": "Web2",
  "lockfileVersion": 2,
  "requires": true,
  "packages": {
    "": {
      "dependencies": {
        "@progress/kendo-angular-l10n": "^4.0.1",
        "@syncfusion/ej2-angular-grids": "^19.2.56"
      }
    },
    "node_modules/@angular/common": {
      "version": "15.0.3",
      "resolved": "https://registry.npmjs.org/@angular/common/-/common-15.0.3.tgz",
      "integrity": "sha512-TYpNnP6f7+x+FqyFCjl+D7rqJojMJT3QURwbnKsZYO7gsfoKashgrLxd9f3lQpa9EHvdMsVZWGZuPmoerGQ5qg==",
      "peer": true,
      "dependencies": {
        "tslib": "^2.3.0"
      },
      "engines": {
        "node": "^14.20.0 || ^16.13.0 || >=18.10.0"
      },
      "peerDependencies": {
        "@angular/core": "15.0.3",
        "rxjs": "^6.5.3 || ^7.4.0"
      }
    },
    "node_modules/@angular/compiler": {
      "version": "11.2.13",
      "resolved": "https://registry.npmjs.org/@angular/compiler/-/compiler-11.2.13.tgz",
      "integrity": "sha512-HI7gfVozFW/rQoab0zVyYpU8PRHNWMk+pLc+q3ukVuByCmnBZ6kTAEQX2jnXVY8QGMmdptBgrsW/OsFaws98Zw==",
      "peer": true,
      "dependencies": {
        "tslib": "^2.0.0"
      }
    },
    "node_modules/@angular/core": {
      "version": "15.0.3",
      "resolved": "https://registry.npmjs.org/@angular/core/-/core-15.0.3.tgz",
      "integrity": "sha512-tYQszxkk32RZkMA7Czv9l5apiDIsoqVO2taIuPKfesAcwsQ7z/x3JTu3JkwUnB9c9nq2c18wIzjzMs4iElxdVQ==",
      "peer": true,
      "dependencies": {
        "tslib": "^2.3.0"
      },
      "engines": {
        "node": "^14.20.0 || ^16.13.0 || >=18.10.0"
      },
      "peerDependencies": {
        "rxjs": "^6.5.3 || ^7.4.0",
        "zone.js": "~0.11.4 || ~0.12.0"
      }
    },
    "node_modules/@progress/kendo-angular-l10n": {
      "version": "4.0.1",
      "resolved": "https://registry.npmjs.org/@progress/kendo-angular-l10n/-/kendo-angular-l10n-4.0.1.tgz",
      "integrity": "sha512-FGeZv1qZ0ygyyWPdHVIL1X1BltgLUGBqfI/oIFHJgq2DnsM2iw9mET4VogfFBWWxw9+wiYzU31sYWpX6PvnkWw==",
      "dependencies": {
        "@progress/kendo-schematics": "^3.0.0",
        "tslib": "^2.3.1"
      },
      "peerDependencies": {
        "@angular/common": "12 - 15",
        "@angular/core": "12 - 15",
        "rxjs": "^6.5.3 || ^7.0.0"
      }
    },
    "node_modules/@progress/kendo-schematics": {
      "version": "3.2.0",
      "resolved": "https://registry.npmjs.org/@progress/kendo-schematics/-/kendo-schematics-3.2.0.tgz",
      "integrity": "sha512-T9ZXcBHhZJU0tfLMzQ3z9tVvndsAB75LRJLcPQLhyXo5xaExGjYfIQYQAte6j259PLgRVczG+uHliQmqBgrfEQ=="
    },
    "node_modules/@syncfusion/ej2-angular-grids": {
      "version": "19.2.56",
      "resolved": "https://registry.npmjs.org/@syncfusion/ej2-angular-grids/-/ej2-angular-grids-19.2.56.tgz",
      "integrity": "sha512-aGPF1nL/3OnmjVgEDIPHW9ycA2bt3cH0HoxVZHFcxBUM/CTapr2zdJAFAdO2azXOiNxNRoeR1dMR0dXhxvEfzg==",
      "dependencies": {
        "@syncfusion/ej2-angular-base": "~19.2.55",
        "@syncfusion/ej2-base": "~19.2.55",
        "@syncfusion/ej2-grids": "19.2.56"
      }
    },
    "node_modules/@syncfusion/ej2-angular-grids/node_modules/@angular/common": {
      "version": "11.2.13",
      "resolved": "https://registry.npmjs.org/@angular/common/-/common-11.2.13.tgz",
      "integrity": "sha512-96iZ4wlZado78yG6eY/ZmY6+H2X2hJi2XsK7iXKzc5h3oeILEkt+ulfBNkCNjMm8xPYBmLrSBueG96/T4/Bi5w==",
      "peer": true,
      "dependencies": {
        "tslib": "^2.0.0"
      },
      "peerDependencies": {
        "@angular/core": "11.2.13",
        "rxjs": "^6.5.3"
      }
    },
    "node_modules/@syncfusion/ej2-angular-grids/node_modules/@angular/core": {
      "version": "11.2.13",
      "resolved": "https://registry.npmjs.org/@angular/core/-/core-11.2.13.tgz",
      "integrity": "sha512-xMKskq/Sbf8dkX/vx4WCwXMpDTJJ77rGlP8fVTB8az8QeOa14i6AdpmSXaJ8sl68R3v8Y1Pa9yBQytbKuxShqQ==",
      "peer": true,
      "dependencies": {
        "tslib": "^2.0.0"
      },
      "peerDependencies": {
        "rxjs": "^6.5.3",
        "zone.js": "^0.10.2 || ^0.11.3"
      }
    },
    "node_modules/@syncfusion/ej2-angular-grids/node_modules/@angular/forms": {
      "version": "11.2.13",
      "resolved": "https://registry.npmjs.org/@angular/forms/-/forms-11.2.13.tgz",
      "integrity": "sha512-Q5vNHycS+II2xYOE/HJB4NoYg/Ngg6hPF+0KXdCA7L4kfrwx5Fsi4oZ6gRRnSpzSGedISpSU4VE5wPiq7zJ3+A==",
      "peer": true,
      "dependencies": {
        "tslib": "^2.0.0"
      },
      "peerDependencies": {
        "@angular/common": "11.2.13",
        "@angular/core": "11.2.13",
        "@angular/platform-browser": "11.2.13",
        "rxjs": "^6.5.3"
      }
    },
    "node_modules/@syncfusion/ej2-angular-grids/node_modules/@angular/platform-browser": {
      "version": "11.2.13",
      "resolved": "https://registry.npmjs.org/@angular/platform-browser/-/platform-browser-11.2.13.tgz",
      "integrity": "sha512-V70Pf3jJPbeXsiy9mtVMctVBIIoqiDhsoI+6lCehf/LaJR33oUizj+RS1wlpgOECIj9oD5EqzdvxEukR0PpnoQ==",
      "peer": true,
      "dependencies": {
        "tslib": "^2.0.0"
      },
      "peerDependencies": {
        "@angular/animations": "11.2.13",
        "@angular/common": "11.2.13",
        "@angular/core": "11.2.13"
      },
      "peerDependenciesMeta": {
        "@angular/animations": {
          "optional": true
        }
      }
    },
    "node_modules/@syncfusion/ej2-angular-grids/node_modules/@angular/platform-browser-dynamic": {
      "version": "11.2.13",
      "resolved": "https://registry.npmjs.org/@angular/platform-browser-dynamic/-/platform-browser-dynamic-11.2.13.tgz",
      "integrity": "sha512-EHCG8fhnurhHUq+XKyKL3bYEcQThRYyzIJTJig28ulgvQd4TAKAbw8osL9rpjNUnCM1HjDXOqnCcPnsQIPIzMg==",
      "peer": true,
      "dependencies": {
        "tslib": "^2.0.0"
      },
      "peerDependencies": {
        "@angular/common": "11.2.13",
        "@angular/compiler": "11.2.13",
        "@angular/core": "11.2.13",
        "@angular/platform-browser": "11.2.13"
      }
    },
    "node_modules/@syncfusion/ej2-angular-grids/node_modules/@syncfusion/ej2-angular-base": {
      "version": "19.2.60",
      "resolved": "https://registry.npmjs.org/@syncfusion/ej2-angular-base/-/ej2-angular-base-19.2.60.tgz",
      "integrity": "sha512-6JjgGUVLI9SwZEpdH+Yqrk1ln1QawYnngetXF8zL69QAUHXI1MI0RJec4nlxPiolDJMgLFN1gMCr8OeLXSIM7w==",
      "hasInstallScript": true,
      "dependencies": {
        "@syncfusion/ej2-base": "~19.2.60",
        "@syncfusion/ej2-icons": "~19.2.60",
        "core-js": "^3.4.8",
        "reflect-metadata": "^0.1.9",
        "rxjs": "^6.5.4",
        "rxjs-compat": "^6.5.4",
        "zone.js": "^0.10.2"
      },
      "peerDependencies": {
        "@angular/common": "4.10.0 - 11.2.13",
        "@angular/compiler": "4.10.0 - 11.2.13",
        "@angular/core": "4.10.0 - 11.2.13",
        "@angular/forms": "4.10.0 - 11.2.13",
        "@angular/platform-browser": "4.10.0 - 11.2.13",
        "@angular/platform-browser-dynamic": "4.10.0 - 11.2.13"
      }
    },
    "node_modules/@syncfusion/ej2-angular-grids/node_modules/zone.js": {
      "version": "0.10.3",
      "resolved": "https://registry.npmjs.org/zone.js/-/zone.js-0.10.3.tgz",
      "integrity": "sha512-LXVLVEq0NNOqK/fLJo3d0kfzd4sxwn2/h67/02pjCjfKDxgx1i9QqpvtHD8CrBnSSwMw5+dy11O7FRX5mkO7Cg=="
    },
    "node_modules/@syncfusion/ej2-base": {
      "version": "19.2.60",
      "resolved": "https://registry.npmjs.org/@syncfusion/ej2-base/-/ej2-base-19.2.60.tgz",
      "integrity": "sha512-TlUKqKc9/B9c8UWdihM9HIS2QG/YietKA12QTaQuDR2tZNVnU40VJmCwGUJT1LxhDxJRrJrzV8aCbbCGM/a8Xw==",
      "dependencies": {
        "@syncfusion/ej2-icons": "~19.2.60"
      }
    },
    "node_modules/@syncfusion/ej2-buttons": {
      "version": "19.2.55",
      "resolved": "https://registry.npmjs.org/@syncfusion/ej2-buttons/-/ej2-buttons-19.2.55.tgz",
      "integrity": "sha512-L9h+7CeJOCUdJllSzxkjyQ4/wJnua2FpGAUXgEvWJhkVmmW3es3HzH8UfDj6vX7aXzEa4cCApcqVaDR18bfADg==",
      "dependencies": {
        "@syncfusion/ej2-base": "~19.2.55"
      }
    },
    "node_modules/@syncfusion/ej2-calendars": {
      "version": "19.2.55",
      "resolved": "https://registry.npmjs.org/@syncfusion/ej2-calendars/-/ej2-calendars-19.2.55.tgz",
      "integrity": "sha512-wR+riZmaXzsG9FWas84Ovn2RIlBAos7P/lcoSaNIYbZIdiWbj3enzO0pF/S7ybtr4o7m2TR5HW0gJF3Mkr5RXw==",
      "dependencies": {
        "@syncfusion/ej2-base": "~19.2.55",
        "@syncfusion/ej2-buttons": "~19.2.55",
        "@syncfusion/ej2-inputs": "~19.2.55",
        "@syncfusion/ej2-lists": "~19.2.55",
        "@syncfusion/ej2-popups": "~19.2.55"
      }
    },
    "node_modules/@syncfusion/ej2-compression": {
      "version": "19.2.55",
      "resolved": "https://registry.npmjs.org/@syncfusion/ej2-compression/-/ej2-compression-19.2.55.tgz",
      "integrity": "sha512-49fuwIFDQ1QU8A3+fLC/YJtat4XeUMPTuG9eWYYIMqjEPnYeCQhub7YBRJl+j9h1DNrUp8fsfvlYmongQbSR5A==",
      "dependencies": {
        "@syncfusion/ej2-file-utils": "~19.2.55"
      }
    },
    "node_modules/@syncfusion/ej2-data": {
      "version": "19.2.55",
      "resolved": "https://registry.npmjs.org/@syncfusion/ej2-data/-/ej2-data-19.2.55.tgz",
      "integrity": "sha512-tkSGI9/v/uRwuOsIvayiKlzznYN5Shq63Gc/sAv4sLtTOs48mBzxuHEv6ndp4y4jYFoW98DKijwIzeUps+p8Zg==",
      "dependencies": {
        "@syncfusion/ej2-base": "~19.2.55"
      }
    },
    "node_modules/@syncfusion/ej2-dropdowns": {
      "version": "19.2.56",
      "resolved": "https://registry.npmjs.org/@syncfusion/ej2-dropdowns/-/ej2-dropdowns-19.2.56.tgz",
      "integrity": "sha512-DyDC3kOsg9aiSFbJvdJX0MIy6n1zmukobmZVO9Yir6JLKjbZ19Tt3EX1hJyz7/H/9+mm3MnvBihdmFab7ULpKA==",
      "dependencies": {
        "@syncfusion/ej2-base": "~19.2.55",
        "@syncfusion/ej2-data": "~19.2.55",
        "@syncfusion/ej2-inputs": "~19.2.55",
        "@syncfusion/ej2-lists": "~19.2.55",
        "@syncfusion/ej2-navigations": "~19.2.56",
        "@syncfusion/ej2-popups": "~19.2.56"
      }
    },
    "node_modules/@syncfusion/ej2-excel-export": {
      "version": "19.2.55",
      "resolved": "https://registry.npmjs.org/@syncfusion/ej2-excel-export/-/ej2-excel-export-19.2.55.tgz",
      "integrity": "sha512-GJj5dlkfA7LBZAsGwhNdELyZE6A7IcO6KMgG4pr6fQGEKcN+wQmlbzfRkpoTHvdk5E6c2BYuRazfjZsOiQ5j9g==",
      "dependencies": {
        "@syncfusion/ej2-base": "~19.2.55",
        "@syncfusion/ej2-compression": "~19.2.55"
      }
    },
    "node_modules/@syncfusion/ej2-file-utils": {
      "version": "19.2.55",
      "resolved": "https://registry.npmjs.org/@syncfusion/ej2-file-utils/-/ej2-file-utils-19.2.55.tgz",
      "integrity": "sha512-pnxRfhkOQ3ucFJFAYzo7PAzIYFs58X0mwDyZbM1jptp3CraHDt4SF3cqaXSeP/qPYze2sdlDSjdZn+jitvCicw=="
    },
    "node_modules/@syncfusion/ej2-grids": {
      "version": "19.2.56",
      "resolved": "https://registry.npmjs.org/@syncfusion/ej2-grids/-/ej2-grids-19.2.56.tgz",
      "integrity": "sha512-07cGufoETKa1ZcYTY7ENaptN0LcapJPt2bjeCI6LV/CVTTH2Dorivuaer8EWq6O5nNcAxY0ueOyhlSP+0vgECA==",
      "dependencies": {
        "@syncfusion/ej2-base": "~19.2.55",
        "@syncfusion/ej2-buttons": "~19.2.55",
        "@syncfusion/ej2-calendars": "~19.2.55",
        "@syncfusion/ej2-compression": "~19.2.55",
        "@syncfusion/ej2-data": "~19.2.55",
        "@syncfusion/ej2-dropdowns": "~19.2.56",
        "@syncfusion/ej2-excel-export": "~19.2.55",
        "@syncfusion/ej2-file-utils": "~19.2.55",
        "@syncfusion/ej2-inputs": "~19.2.55",
        "@syncfusion/ej2-lists": "~19.2.55",
        "@syncfusion/ej2-navigations": "~19.2.56",
        "@syncfusion/ej2-pdf-export": "~19.2.56",
        "@syncfusion/ej2-popups": "~19.2.56",
        "@syncfusion/ej2-splitbuttons": "~19.2.55"
      }
    },
    "node_modules/@syncfusion/ej2-icons": {
      "version": "19.2.60",
      "resolved": "https://registry.npmjs.org/@syncfusion/ej2-icons/-/ej2-icons-19.2.60.tgz",
      "integrity": "sha512-Q2XdkPSJ7FpYaAKmVTY9ZGPFxTrB3L9s8c24jNT+kFVZ7KiygEmSfESq52MmURkiZ8fLRY4qmil7x1y8Q5nDMQ=="
    },
    "node_modules/@syncfusion/ej2-inputs": {
      "version": "19.2.55",
      "resolved": "https://registry.npmjs.org/@syncfusion/ej2-inputs/-/ej2-inputs-19.2.55.tgz",
      "integrity": "sha512-rEPO5wMqkCDCd6zpcSUb/u0tdsBOQZh46MqgbXbk94NnaxTQ0fRx44e6Gr+YDY9gzRfM+H0GO6saOC+zQFFSUQ==",
      "dependencies": {
        "@syncfusion/ej2-base": "~19.2.55",
        "@syncfusion/ej2-buttons": "~19.2.55",
        "@syncfusion/ej2-popups": "~19.2.55",
        "@syncfusion/ej2-splitbuttons": "~19.2.55"
      }
    },
    "node_modules/@syncfusion/ej2-lists": {
      "version": "19.2.55",
      "resolved": "https://registry.npmjs.org/@syncfusion/ej2-lists/-/ej2-lists-19.2.55.tgz",
      "integrity": "sha512-RGROHDxGU94NBtUwqZFln9PXfKf4rd92PPqU242QL3sKlO34V3V34AmQsF2EMW/sOe0SG/8GUaPj7DJROWEmOg==",
      "dependencies": {
        "@syncfusion/ej2-base": "~19.2.55",
        "@syncfusion/ej2-buttons": "~19.2.55",
        "@syncfusion/ej2-data": "~19.2.55"
      }
    },
    "node_modules/@syncfusion/ej2-navigations": {
      "version": "19.2.56",
      "resolved": "https://registry.npmjs.org/@syncfusion/ej2-navigations/-/ej2-navigations-19.2.56.tgz",
      "integrity": "sha512-N5/hH6h+1ioJpqgPXM+WyuhdGF8Xk48M30EjivhKRJW0VIyyJAHrcvXTFqVNADpLYTqETaOdqVOeGNGZPRNfAA==",
      "dependencies": {
        "@syncfusion/ej2-base": "~19.2.55",
        "@syncfusion/ej2-buttons": "~19.2.55",
        "@syncfusion/ej2-data": "~19.2.55",
        "@syncfusion/ej2-inputs": "~19.2.55",
        "@syncfusion/ej2-lists": "~19.2.55",
        "@syncfusion/ej2-popups": "~19.2.56"
      }
    },
    "node_modules/@syncfusion/ej2-pdf-export": {
      "version": "19.2.56",
      "resolved": "https://registry.npmjs.org/@syncfusion/ej2-pdf-export/-/ej2-pdf-export-19.2.56.tgz",
      "integrity": "sha512-EAIB3cAStGVoaNlsWoOUAKfIUn/N2geS2ImlRcWP7axPuKAr3P8DB0MiHxNisiC8Ht82FttNG5ly1RzgGUMlhQ==",
      "dependencies": {
        "@syncfusion/ej2-compression": "~19.2.55"
      }
    },
    "node_modules/@syncfusion/ej2-popups": {
      "version": "19.2.56",
      "resolved": "https://registry.npmjs.org/@syncfusion/ej2-popups/-/ej2-popups-19.2.56.tgz",
      "integrity": "sha512-5YAwDk4Y6PT/dvkoVV7Ir7gPbvkDVzZ1ySjz6DNvDOSZEz8VfNlLOn4n9xeF7on/T/8N1+UWlKn9xQF3arDn8w==",
      "dependencies": {
        "@syncfusion/ej2-base": "~19.2.55",
        "@syncfusion/ej2-buttons": "~19.2.55"
      }
    },
    "node_modules/@syncfusion/ej2-splitbuttons": {
      "version": "19.2.55",
      "resolved": "https://registry.npmjs.org/@syncfusion/ej2-splitbuttons/-/ej2-splitbuttons-19.2.55.tgz",
      "integrity": "sha512-Dn6HXc8aV4KMPJYZyf2AahBMxhn4V0OqLf5xNcEw0pg4bJwa2N+V4PKV8P0uJ60rN0B7Mb2FfWrDPsLgIzf+yA==",
      "dependencies": {
        "@syncfusion/ej2-base": "~19.2.55",
        "@syncfusion/ej2-popups": "~19.2.55"
      }
    },
    "node_modules/core-js": {
      "version": "3.26.1",
      "resolved": "https://registry.npmjs.org/core-js/-/core-js-3.26.1.tgz",
      "integrity": "sha512-21491RRQVzUn0GGM9Z1Jrpr6PNPxPi+Za8OM9q4tksTSnlbXXGKK1nXNg/QvwFYettXvSX6zWKCtHHfjN4puyA==",
      "hasInstallScript": true,
      "funding": {
        "type": "opencollective",
        "url": "https://opencollective.com/core-js"
      }
    },
    "node_modules/reflect-metadata": {
      "version": "0.1.13",
      "resolved": "https://registry.npmjs.org/reflect-metadata/-/reflect-metadata-0.1.13.tgz",
      "integrity": "sha512-Ts1Y/anZELhSsjMcU605fU9RE4Oi3p5ORujwbIKXfWa+0Zxs510Qrmrce5/Jowq3cHSZSJqBjypxmHarc+vEWg=="
    },
    "node_modules/rxjs": {
      "version": "6.6.7",
      "resolved": "https://registry.npmjs.org/rxjs/-/rxjs-6.6.7.tgz",
      "integrity": "sha512-hTdwr+7yYNIT5n4AMYp85KA6yw2Va0FLa3Rguvbpa4W3I5xynaBZo41cM3XM+4Q6fRMj3sBYIR1VAmZMXYJvRQ==",
      "dependencies": {
        "tslib": "^1.9.0"
      },
      "engines": {
        "npm": ">=2.0.0"
      }
    },
    "node_modules/rxjs-compat": {
      "version": "6.6.7",
      "resolved": "https://registry.npmjs.org/rxjs-compat/-/rxjs-compat-6.6.7.tgz",
      "integrity": "sha512-szN4fK+TqBPOFBcBcsR0g2cmTTUF/vaFEOZNuSdfU8/pGFnNmmn2u8SystYXG1QMrjOPBc6XTKHMVfENDf6hHw=="
    },
    "node_modules/rxjs/node_modules/tslib": {
      "version": "1.14.1",
      "resolved": "https://registry.npmjs.org/tslib/-/tslib-1.14.1.tgz",
      "integrity": "sha512-Xni35NKzjgMrwevysHTCArtLDpPvye8zV/0E4EyYn43P7/7qvQwPh9BGkHewbMulVntbigmcT7rdX3BNo9wRJg=="
    },
    "node_modules/tslib": {
      "version": "2.3.1",
      "resolved": "https://registry.npmjs.org/tslib/-/tslib-2.3.1.tgz",
      "integrity": "sha512-77EbyPPpMz+FRFRuAFlWMtmgUWGe9UOG2Z25NqCwiIjRhOf5iKGuzSe5P2w1laq+FkRy4p+PCuVkJSGkzTEKVw=="
    },
    "node_modules/zone.js": {
      "version": "0.11.4",
      "resolved": "https://registry.npmjs.org/zone.js/-/zone.js-0.11.4.tgz",
      "integrity": "sha512-DDh2Ab+A/B+9mJyajPjHFPWfYU1H+pdun4wnnk0OcQTNjem1XQSZ2CDW+rfZEUDjv5M19SBqAkjZi0x5wuB5Qw==",
      "peer": true,
      "dependencies": {
        "tslib": "^2.0.0"
      }
    }
  },
  "dependencies": {
    "@angular/common": {
      "version": "15.0.3",
      "resolved": "https://registry.npmjs.org/@angular/common/-/common-15.0.3.tgz",
      "integrity": "sha512-TYpNnP6f7+x+FqyFCjl+D7rqJojMJT3QURwbnKsZYO7gsfoKashgrLxd9f3lQpa9EHvdMsVZWGZuPmoerGQ5qg==",
      "peer": true,
      "requires": {
        "tslib": "^2.3.0"
      }
    },
    "@angular/compiler": {
      "version": "11.2.13",
      "resolved": "https://registry.npmjs.org/@angular/compiler/-/compiler-11.2.13.tgz",
      "integrity": "sha512-HI7gfVozFW/rQoab0zVyYpU8PRHNWMk+pLc+q3ukVuByCmnBZ6kTAEQX2jnXVY8QGMmdptBgrsW/OsFaws98Zw==",
      "peer": true,
      "requires": {
        "tslib": "^2.0.0"
      }
    },
    "@angular/core": {
      "version": "15.0.3",
      "resolved": "https://registry.npmjs.org/@angular/core/-/core-15.0.3.tgz",
      "integrity": "sha512-tYQszxkk32RZkMA7Czv9l5apiDIsoqVO2taIuPKfesAcwsQ7z/x3JTu3JkwUnB9c9nq2c18wIzjzMs4iElxdVQ==",
      "peer": true,
      "requires": {
        "tslib": "^2.3.0"
      }
    },
    "@progress/kendo-angular-l10n": {
      "version": "4.0.1",
      "resolved": "https://registry.npmjs.org/@progress/kendo-angular-l10n/-/kendo-angular-l10n-4.0.1.tgz",
      "integrity": "sha512-FGeZv1qZ0ygyyWPdHVIL1X1BltgLUGBqfI/oIFHJgq2DnsM2iw9mET4VogfFBWWxw9+wiYzU31sYWpX6PvnkWw==",
      "requires": {
        "@progress/kendo-schematics": "^3.0.0",
        "tslib": "^2.3.1"
      }
    },
    "@progress/kendo-schematics": {
      "version": "3.2.0",
      "resolved": "https://registry.npmjs.org/@progress/kendo-schematics/-/kendo-schematics-3.2.0.tgz",
      "integrity": "sha512-T9ZXcBHhZJU0tfLMzQ3z9tVvndsAB75LRJLcPQLhyXo5xaExGjYfIQYQAte6j259PLgRVczG+uHliQmqBgrfEQ=="
    },
    "@syncfusion/ej2-angular-grids": {
      "version": "19.2.56",
      "resolved": "https://registry.npmjs.org/@syncfusion/ej2-angular-grids/-/ej2-angular-grids-19.2.56.tgz",
      "integrity": "sha512-aGPF1nL/3OnmjVgEDIPHW9ycA2bt3cH0HoxVZHFcxBUM/CTapr2zdJAFAdO2azXOiNxNRoeR1dMR0dXhxvEfzg==",
      "requires": {
        "@syncfusion/ej2-angular-base": "~19.2.55",
        "@syncfusion/ej2-base": "~19.2.55",
        "@syncfusion/ej2-grids": "19.2.56"
      },
      "dependencies": {
        "@angular/common": {
          "version": "11.2.13",
          "resolved": "https://registry.npmjs.org/@angular/common/-/common-11.2.13.tgz",
          "integrity": "sha512-96iZ4wlZado78yG6eY/ZmY6+H2X2hJi2XsK7iXKzc5h3oeILEkt+ulfBNkCNjMm8xPYBmLrSBueG96/T4/Bi5w==",
          "peer": true,
          "requires": {
            "tslib": "^2.0.0"
          }
        },
        "@angular/core": {
          "version": "11.2.13",
          "resolved": "https://registry.npmjs.org/@angular/core/-/core-11.2.13.tgz",
          "integrity": "sha512-xMKskq/Sbf8dkX/vx4WCwXMpDTJJ77rGlP8fVTB8az8QeOa14i6AdpmSXaJ8sl68R3v8Y1Pa9yBQytbKuxShqQ==",
          "peer": true,
          "requires": {
            "tslib": "^2.0.0"
          }
        },
        "@angular/forms": {
          "version": "11.2.13",
          "resolved": "https://registry.npmjs.org/@angular/forms/-/forms-11.2.13.tgz",
          "integrity": "sha512-Q5vNHycS+II2xYOE/HJB4NoYg/Ngg6hPF+0KXdCA7L4kfrwx5Fsi4oZ6gRRnSpzSGedISpSU4VE5wPiq7zJ3+A==",
          "peer": true,
          "requires": {
            "tslib": "^2.0.0"
          }
        },
        "@angular/platform-browser": {
          "version": "11.2.13",
          "resolved": "https://registry.npmjs.org/@angular/platform-browser/-/platform-browser-11.2.13.tgz",
          "integrity": "sha512-V70Pf3jJPbeXsiy9mtVMctVBIIoqiDhsoI+6lCehf/LaJR33oUizj+RS1wlpgOECIj9oD5EqzdvxEukR0PpnoQ==",
          "peer": true,
          "requires": {
            "tslib": "^2.0.0"
          }
        },
        "@angular/platform-browser-dynamic": {
          "version": "11.2.13",
          "resolved": "https://registry.npmjs.org/@angular/platform-browser-dynamic/-/platform-browser-dynamic-11.2.13.tgz",
          "integrity": "sha512-EHCG8fhnurhHUq+XKyKL3bYEcQThRYyzIJTJig28ulgvQd4TAKAbw8osL9rpjNUnCM1HjDXOqnCcPnsQIPIzMg==",
          "peer": true,
          "requires": {
            "tslib": "^2.0.0"
          }
        },
        "@syncfusion/ej2-angular-base": {
          "version": "19.2.60",
          "resolved": "https://registry.npmjs.org/@syncfusion/ej2-angular-base/-/ej2-angular-base-19.2.60.tgz",
          "integrity": "sha512-6JjgGUVLI9SwZEpdH+Yqrk1ln1QawYnngetXF8zL69QAUHXI1MI0RJec4nlxPiolDJMgLFN1gMCr8OeLXSIM7w==",
          "requires": {
            "@syncfusion/ej2-base": "~19.2.60",
            "@syncfusion/ej2-icons": "~19.2.60",
            "core-js": "^3.4.8",
            "reflect-metadata": "^0.1.9",
            "rxjs": "^6.5.4",
            "rxjs-compat": "^6.5.4",
            "zone.js": "^0.10.2"
          }
        },
        "zone.js": {
          "version": "0.10.3",
          "resolved": "https://registry.npmjs.org/zone.js/-/zone.js-0.10.3.tgz",
          "integrity": "sha512-LXVLVEq0NNOqK/fLJo3d0kfzd4sxwn2/h67/02pjCjfKDxgx1i9QqpvtHD8CrBnSSwMw5+dy11O7FRX5mkO7Cg=="
        }
      }
    },
    "@syncfusion/ej2-base": {
      "version": "19.2.60",
      "resolved": "https://registry.npmjs.org/@syncfusion/ej2-base/-/ej2-base-19.2.60.tgz",
      "integrity": "sha512-TlUKqKc9/B9c8UWdihM9HIS2QG/YietKA12QTaQuDR2tZNVnU40VJmCwGUJT1LxhDxJRrJrzV8aCbbCGM/a8Xw==",
      "requires": {
        "@syncfusion/ej2-icons": "~19.2.60"
      }
    },
    "@syncfusion/ej2-buttons": {
      "version": "19.2.55",
      "resolved": "https://registry.npmjs.org/@syncfusion/ej2-buttons/-/ej2-buttons-19.2.55.tgz",
      "integrity": "sha512-L9h+7CeJOCUdJllSzxkjyQ4/wJnua2FpGAUXgEvWJhkVmmW3es3HzH8UfDj6vX7aXzEa4cCApcqVaDR18bfADg==",
      "requires": {
        "@syncfusion/ej2-base": "~19.2.55"
      }
    },
    "@syncfusion/ej2-calendars": {
      "version": "19.2.55",
      "resolved": "https://registry.npmjs.org/@syncfusion/ej2-calendars/-/ej2-calendars-19.2.55.tgz",
      "integrity": "sha512-wR+riZmaXzsG9FWas84Ovn2RIlBAos7P/lcoSaNIYbZIdiWbj3enzO0pF/S7ybtr4o7m2TR5HW0gJF3Mkr5RXw==",
      "requires": {
        "@syncfusion/ej2-base": "~19.2.55",
        "@syncfusion/ej2-buttons": "~19.2.55",
        "@syncfusion/ej2-inputs": "~19.2.55",
        "@syncfusion/ej2-lists": "~19.2.55",
        "@syncfusion/ej2-popups": "~19.2.55"
      }
    },
    "@syncfusion/ej2-compression": {
      "version": "19.2.55",
      "resolved": "https://registry.npmjs.org/@syncfusion/ej2-compression/-/ej2-compression-19.2.55.tgz",
      "integrity": "sha512-49fuwIFDQ1QU8A3+fLC/YJtat4XeUMPTuG9eWYYIMqjEPnYeCQhub7YBRJl+j9h1DNrUp8fsfvlYmongQbSR5A==",
      "requires": {
        "@syncfusion/ej2-file-utils": "~19.2.55"
      }
    },
    "@syncfusion/ej2-data": {
      "version": "19.2.55",
      "resolved": "https://registry.npmjs.org/@syncfusion/ej2-data/-/ej2-data-19.2.55.tgz",
      "integrity": "sha512-tkSGI9/v/uRwuOsIvayiKlzznYN5Shq63Gc/sAv4sLtTOs48mBzxuHEv6ndp4y4jYFoW98DKijwIzeUps+p8Zg==",
      "requires": {
        "@syncfusion/ej2-base": "~19.2.55"
      }
    },
    "@syncfusion/ej2-dropdowns": {
      "version": "19.2.56",
      "resolved": "https://registry.npmjs.org/@syncfusion/ej2-dropdowns/-/ej2-dropdowns-19.2.56.tgz",
      "integrity": "sha512-DyDC3kOsg9aiSFbJvdJX0MIy6n1zmukobmZVO9Yir6JLKjbZ19Tt3EX1hJyz7/H/9+mm3MnvBihdmFab7ULpKA==",
      "requires": {
        "@syncfusion/ej2-base": "~19.2.55",
        "@syncfusion/ej2-data": "~19.2.55",
        "@syncfusion/ej2-inputs": "~19.2.55",
        "@syncfusion/ej2-lists": "~19.2.55",
        "@syncfusion/ej2-navigations": "~19.2.56",
        "@syncfusion/ej2-popups": "~19.2.56"
      }
    },
    "@syncfusion/ej2-excel-export": {
      "version": "19.2.55",
      "resolved": "https://registry.npmjs.org/@syncfusion/ej2-excel-export/-/ej2-excel-export-19.2.55.tgz",
      "integrity": "sha512-GJj5dlkfA7LBZAsGwhNdELyZE6A7IcO6KMgG4pr6fQGEKcN+wQmlbzfRkpoTHvdk5E6c2BYuRazfjZsOiQ5j9g==",
      "requires": {
        "@syncfusion/ej2-base": "~19.2.55",
        "@syncfusion/ej2-compression": "~19.2.55"
      }
    },
    "@syncfusion/ej2-file-utils": {
      "version": "19.2.55",
      "resolved": "https://registry.npmjs.org/@syncfusion/ej2-file-utils/-/ej2-file-utils-19.2.55.tgz",
      "integrity": "sha512-pnxRfhkOQ3ucFJFAYzo7PAzIYFs58X0mwDyZbM1jptp3CraHDt4SF3cqaXSeP/qPYze2sdlDSjdZn+jitvCicw=="
    },
    "@syncfusion/ej2-grids": {
      "version": "19.2.56",
      "resolved": "https://registry.npmjs.org/@syncfusion/ej2-grids/-/ej2-grids-19.2.56.tgz",
      "integrity": "sha512-07cGufoETKa1ZcYTY7ENaptN0LcapJPt2bjeCI6LV/CVTTH2Dorivuaer8EWq6O5nNcAxY0ueOyhlSP+0vgECA==",
      "requires": {
        "@syncfusion/ej2-base": "~19.2.55",
        "@syncfusion/ej2-buttons": "~19.2.55",
        "@syncfusion/ej2-calendars": "~19.2.55",
        "@syncfusion/ej2-compression": "~19.2.55",
        "@syncfusion/ej2-data": "~19.2.55",
        "@syncfusion/ej2-dropdowns": "~19.2.56",
        "@syncfusion/ej2-excel-export": "~19.2.55",
        "@syncfusion/ej2-file-utils": "~19.2.55",
        "@syncfusion/ej2-inputs": "~19.2.55",
        "@syncfusion/ej2-lists": "~19.2.55",
        "@syncfusion/ej2-navigations": "~19.2.56",
        "@syncfusion/ej2-pdf-export": "~19.2.56",
        "@syncfusion/ej2-popups": "~19.2.56",
        "@syncfusion/ej2-splitbuttons": "~19.2.55"
      }
    },
    "@syncfusion/ej2-icons": {
      "version": "19.2.60",
      "resolved": "https://registry.npmjs.org/@syncfusion/ej2-icons/-/ej2-icons-19.2.60.tgz",
      "integrity": "sha512-Q2XdkPSJ7FpYaAKmVTY9ZGPFxTrB3L9s8c24jNT+kFVZ7KiygEmSfESq52MmURkiZ8fLRY4qmil7x1y8Q5nDMQ=="
    },
    "@syncfusion/ej2-inputs": {
      "version": "19.2.55",
      "resolved": "https://registry.npmjs.org/@syncfusion/ej2-inputs/-/ej2-inputs-19.2.55.tgz",
      "integrity": "sha512-rEPO5wMqkCDCd6zpcSUb/u0tdsBOQZh46MqgbXbk94NnaxTQ0fRx44e6Gr+YDY9gzRfM+H0GO6saOC+zQFFSUQ==",
      "requires": {
        "@syncfusion/ej2-base": "~19.2.55",
        "@syncfusion/ej2-buttons": "~19.2.55",
        "@syncfusion/ej2-popups": "~19.2.55",
        "@syncfusion/ej2-splitbuttons": "~19.2.55"
      }
    },
    "@syncfusion/ej2-lists": {
      "version": "19.2.55",
      "resolved": "https://registry.npmjs.org/@syncfusion/ej2-lists/-/ej2-lists-19.2.55.tgz",
      "integrity": "sha512-RGROHDxGU94NBtUwqZFln9PXfKf4rd92PPqU242QL3sKlO34V3V34AmQsF2EMW/sOe0SG/8GUaPj7DJROWEmOg==",
      "requires": {
        "@syncfusion/ej2-base": "~19.2.55",
        "@syncfusion/ej2-buttons": "~19.2.55",
        "@syncfusion/ej2-data": "~19.2.55"
      }
    },
    "@syncfusion/ej2-navigations": {
      "version": "19.2.56",
      "resolved": "https://registry.npmjs.org/@syncfusion/ej2-navigations/-/ej2-navigations-19.2.56.tgz",
      "integrity": "sha512-N5/hH6h+1ioJpqgPXM+WyuhdGF8Xk48M30EjivhKRJW0VIyyJAHrcvXTFqVNADpLYTqETaOdqVOeGNGZPRNfAA==",
      "requires": {
        "@syncfusion/ej2-base": "~19.2.55",
        "@syncfusion/ej2-buttons": "~19.2.55",
        "@syncfusion/ej2-data": "~19.2.55",
        "@syncfusion/ej2-inputs": "~19.2.55",
        "@syncfusion/ej2-lists": "~19.2.55",
        "@syncfusion/ej2-popups": "~19.2.56"
      }
    },
    "@syncfusion/ej2-pdf-export": {
      "version": "19.2.56",
      "resolved": "https://registry.npmjs.org/@syncfusion/ej2-pdf-export/-/ej2-pdf-export-19.2.56.tgz",
      "integrity": "sha512-EAIB3cAStGVoaNlsWoOUAKfIUn/N2geS2ImlRcWP7axPuKAr3P8DB0MiHxNisiC8Ht82FttNG5ly1RzgGUMlhQ==",
      "requires": {
        "@syncfusion/ej2-compression": "~19.2.55"
      }
    },
    "@syncfusion/ej2-popups": {
      "version": "19.2.56",
      "resolved": "https://registry.npmjs.org/@syncfusion/ej2-popups/-/ej2-popups-19.2.56.tgz",
      "integrity": "sha512-5YAwDk4Y6PT/dvkoVV7Ir7gPbvkDVzZ1ySjz6DNvDOSZEz8VfNlLOn4n9xeF7on/T/8N1+UWlKn9xQF3arDn8w==",
      "requires": {
        "@syncfusion/ej2-base": "~19.2.55",
        "@syncfusion/ej2-buttons": "~19.2.55"
      }
    },
    "@syncfusion/ej2-splitbuttons": {
      "version": "19.2.55",
      "resolved": "https://registry.npmjs.org/@syncfusion/ej2-splitbuttons/-/ej2-splitbuttons-19.2.55.tgz",
      "integrity": "sha512-Dn6HXc8aV4KMPJYZyf2AahBMxhn4V0OqLf5xNcEw0pg4bJwa2N+V4PKV8P0uJ60rN0B7Mb2FfWrDPsLgIzf+yA==",
      "requires": {
        "@syncfusion/ej2-base": "~19.2.55",
        "@syncfusion/ej2-popups": "~19.2.55"
      }
    },
    "core-js": {
      "version": "3.26.1",
      "resolved": "https://registry.npmjs.org/core-js/-/core-js-3.26.1.tgz",
      "integrity": "sha512-21491RRQVzUn0GGM9Z1Jrpr6PNPxPi+Za8OM9q4tksTSnlbXXGKK1nXNg/QvwFYettXvSX6zWKCtHHfjN4puyA=="
    },
    "reflect-metadata": {
      "version": "0.1.13",
      "resolved": "https://registry.npmjs.org/reflect-metadata/-/reflect-metadata-0.1.13.tgz",
      "integrity": "sha512-Ts1Y/anZELhSsjMcU605fU9RE4Oi3p5ORujwbIKXfWa+0Zxs510Qrmrce5/Jowq3cHSZSJqBjypxmHarc+vEWg=="
    },
    "rxjs": {
      "version": "6.6.7",
      "resolved": "https://registry.npmjs.org/rxjs/-/rxjs-6.6.7.tgz",
      "integrity": "sha512-hTdwr+7yYNIT5n4AMYp85KA6yw2Va0FLa3Rguvbpa4W3I5xynaBZo41cM3XM+4Q6fRMj3sBYIR1VAmZMXYJvRQ==",
      "requires": {
        "tslib": "^1.9.0"
      },
      "dependencies": {
        "tslib": {
          "version": "1.14.1",
          "resolved": "https://registry.npmjs.org/tslib/-/tslib-1.14.1.tgz",
          "integrity": "sha512-Xni35NKzjgMrwevysHTCArtLDpPvye8zV/0E4EyYn43P7/7qvQwPh9BGkHewbMulVntbigmcT7rdX3BNo9wRJg=="
        }
      }
    },
    "rxjs-compat": {
      "version": "6.6.7",
      "resolved": "https://registry.npmjs.org/rxjs-compat/-/rxjs-compat-6.6.7.tgz",
      "integrity": "sha512-szN4fK+TqBPOFBcBcsR0g2cmTTUF/vaFEOZNuSdfU8/pGFnNmmn2u8SystYXG1QMrjOPBc6XTKHMVfENDf6hHw=="
    },
    "tslib": {
      "version": "2.3.1",
      "resolved": "https://registry.npmjs.org/tslib/-/tslib-2.3.1.tgz",
      "integrity": "sha512-77EbyPPpMz+FRFRuAFlWMtmgUWGe9UOG2Z25NqCwiIjRhOf5iKGuzSe5P2w1laq+FkRy4p+PCuVkJSGkzTEKVw=="
    },
    "zone.js": {
      "version": "0.11.4",
      "resolved": "https://registry.npmjs.org/zone.js/-/zone.js-0.11.4.tgz",
      "integrity": "sha512-DDh2Ab+A/B+9mJyajPjHFPWfYU1H+pdun4wnnk0OcQTNjem1XQSZ2CDW+rfZEUDjv5M19SBqAkjZi0x5wuB5Qw==",
      "peer": true,
      "requires": {
        "tslib": "^2.0.0"
      }
    }
  }
}
